
Microsoft Visual Studio Solution File, Format Version 12.00
# Visual Studio 2013
VisualStudioVersion = 12.0.21005.1
MinimumVisualStudioVersion = 10.0.40219.1
Project("{FAE04EC0-301F-11D3-BF4B-00C04F79EFBC}") = "HorceRace", "HorceRace\HorceRace.csproj", "{6A323F0A-1C68-46A5-8CF6-A07FFA9BFDEA}"
EndProject
Project("{FAE04EC0-301F-11D3-BF4B-00C04F79EFBC}") = "Connection", "Connection\Connection.csproj", "{2F2AA73D-1D0D-41BB-95FE-021D5F7A857E}"
EndProject
Global
	GlobalSection(SolutionConfigurationPlatforms) = preSolution
		Debug|Any CPU = Debug|Any CPU
		Release|Any CPU = Release|Any CPU
	EndGlobalSection
	GlobalSection(ProjectConfigurationPlatforms) = postSolution
		{6A323F0A-1C68-46A5-8CF6-A07FFA9BFDEA}.Debug|Any CPU.ActiveCfg = Debug|Any CPU
		{6A323F0A-1C68-46A5-8CF6-A07FFA9BFDEA}.Debug|Any CPU.Build.0 = Debug|Any CPU
		{6A323F0A-1C68-46A5-8CF6-A07FFA9BFDEA}.Release|Any CPU.ActiveCfg = Release|Any CPU
		{6A323F0A-1C68-46A5-8CF6-A07FFA9BFDEA}.Release|Any CPU.Build.0 = Release|Any CPU
		{2F2AA73D-1D0D-41BB-95FE-021D5F7A857E}.Debug|Any CPU.ActiveCfg = Debug|Any CPU
		{2F2AA73D-1D0D-41BB-95FE-021D5F7A857E}.Debug|Any CPU.Build.0 = Debug|Any CPU
		{2F2AA73D-1D0D-41BB-95FE-021D5F7A857E}.Release|Any CPU.ActiveCfg = Release|Any CPU
		{2F2AA73D-1D0D-41BB-95FE-021D5F7A857E}.Release|Any CPU.Build.0 = Release|Any CPU
	EndGlobalSection
	GlobalSection(SolutionProperties) = preSolution
		HideSolutionNode = FALSE
	EndGlobalSection
EndGlobal
